github.com/beorn7/perks v0.0.0-20180321164747-3a771d992973 h1:xJ4a3vCFaGF/jqvzLMYoU8P317H5OQ+Via4RmuPwCS0=
github.com/beorn7/perks v0.0.0-20180321164747-3a771d992973/go.mod h1:Dwedo/Wpr24TaqPxmxbtue+5NUziq4I4S80YR8gNf3Q=
github.com/davecgh/go-spew v0.0.0-20170626231645-782f4967f2dc h1:0A0n6a0Y3vW5ktoWKC+ggkGXRzMJWMvqIYlFmsjwQzY=
github.com/davecgh/go-spew v0.0.0-20170626231645-782f4967f2dc/go.mod h1:J7Y8YcW2NihsgmVo/mv3lAwl/skON4iLHjSsI+c5H38=
github.com/ghodss/yaml v0.0.0-20150909031657-73d445a93680 h1:ZktWZesgun21uEDrwW7iEV1zPCGQldM2atlJZ3TdvVM=
github.com/ghodss/yaml v0.0.0-20150909031657-73d445a93680/go.mod h1:4dBDuWmgqj2HViK6kFavaiC9ZROes6MMH2rRYeMEF04=
github.com/gogo/protobuf v0.0.0-20170330071051-c0656edd0d9e h1:ago6fNuQ6IhszPsXkeU7qRCyfsIX7L67WDybsAPkLl8=
github.com/gogo/protobuf v0.0.0-20170330071051-c0656edd0d9e/go.mod h1:r8qH/GZQm5c6nD/R0oafs1akxWv10x8SbQlK7atdtwQ=
github.com/golang/glog v0.0.0-20141105023935-44145f04b68c h1:CbdkBQ1/PiAo0FYJhQGwASD8wrgNvTdf01g6+O9tNuA=
github.com/golang/glog v0.0.0-20141105023935-44145f04b68c/go.mod h1:SBH7ygxi8pfUlaOkMMuAQtPIUF8ecWP5IEl/CR7VP2Q=
github.com/golang/groupcache v0.0.0-20160516000752-02826c3e7903 h1:LbsanbbD6LieFkXbj9YNNBupiGHJgFeLpO0j0Fza1h8=
github.com/golang/groupcache v0.0.0-20160516000752-02826c3e7903/go.mod h1:cIg4eruTrX1D+g88fzRXU5OdNfaM+9IcxsU14FzY7Hc=
github.com/golang/protobuf v0.0.0-20171021043952-1643683e1b54 h1:nRNJXiJvemchkOTn0V4U11TZkvacB94gTzbTZbSA7Rw=
github.com/golang/protobuf v0.0.0-20171021043952-1643683e1b54/go.mod h1:6lQm79b+lXiMfvg/cZm0SGofjICqVBUtrP5yJMmIC1U=
github.com/google/gofuzz v0.0.0-20161122191042-44d81051d367 h1:ScAXWS+TR6MZKex+7Z8rneuSJH+FSDqd6ocQyl+ZHo4=
github.com/google/gofuzz v0.0.0-20161122191042-44d81051d367/go.mod h1:HP5RmnzzSNb993RKQDq4+1A4ia9nllfqcQFTQJedwGI=
github.com/googleapis/gnostic v0.0.0-20170729233727-0c5108395e2d h1:7XGaL1e6bYS1yIonGp9761ExpPPV1ui0SAC59Yube9k=
github.com/googleapis/gnostic v0.0.0-20170729233727-0c5108395e2d/go.mod h1:sJBsCZ4ayReDTBIg8b9dl28c5xFWyhBTVRp3pOg5EKY=
github.com/hashicorp/golang-lru v0.0.0-20160207214719-a0d98a5f2880 h1:OaRuzt9oCKNui8cCskZijoKUwe+aCuuCwvx1ox8FNyw=
github.com/hashicorp/golang-lru v0.0.0-20160207214719-a0d98a5f2880/go.mod h1:/m3WP610KZHVQ1SGc6re/UDhFvYD7pJ4Ao+sR/qLZy8=
github.com/howeyc/gopass v0.0.0-20170109162249-bf9dde6d0d2c h1:kQWxfPIHVLbgLzphqk3QUflDy9QdksZR4ygR807bpy0=
github.com/howeyc/gopass v0.0.0-20170109162249-bf9dde6d0d2c/go.mod h1:lADxMC39cJJqL93Duh1xhAs4I2Zs8mKS89XWXFGp9cs=
github.com/imdario/mergo v0.0.0-20141206190957-6633656539c1 h1:FeeCi0I2Fu8kA8IXrdVPtGzym+mW9bzfj9f26EaES9k=
github.com/imdario/mergo v0.0.0-20141206190957-6633656539c1/go.mod h1:2EnlNZ0deacrJVfApfmtdGgDfMuh/nq6Ok1EcJh5FfA=
github.com/json-iterator/go v0.0.0-20171212105241-13f86432b882 h1:Xqf4pbZo/Iztd32Rrir1VZsAvz7r85JmWPHR95V+Flo=
github.com/json-iterator/go v0.0.0-20171212105241-13f86432b882/go.mod h1:+SdeFBvtyEkXs7REEP0seUULqWtbJapLOCVDaaPEHmU=
github.com/matttproud/golang_protobuf_extensions v1.0.1 h1:4hp9jkHxhMHkqkrB3Ix0jegS5sx/RkqARlsWZ6pIwiU=
github.com/matttproud/golang_protobuf_extensions v1.0.1/go.mod h1:D8He9yQNgCq6Z5Ld7szi9bcBfOoFv/3dc6xSMkL2PC0=
github.com/prometheus/client_golang v0.0.0-20180623155954-77e8f2ddcfed h1:0dloFFFNNDG7c+8qtkYw2FdADrWy9s5cI8wHp6tK3Mg=
github.com/prometheus/client_golang v0.0.0-20180623155954-77e8f2ddcfed/go.mod h1:7SWBe2y4D6OKWSNQJUaRYU/AaXPKyh/dDVn+NZz0KFw=
github.com/prometheus/client_model v0.0.0-20171117100541-99fa1f4be8e5 h1:cLL6NowurKLMfCeQy4tIeph12XNQWgANCNvdyrOYKV4=
github.com/prometheus/client_model v0.0.0-20171117100541-99fa1f4be8e5/go.mod h1:MbSGuTsp3dbXC40dX6PRTWyKYBIrTGTE9sqQNg2J8bo=
github.com/prometheus/common v0.0.0-20180518154759-7600349dcfe1 h1:osmNoEW2SCW3L7EX0km2LYM8HKpNWRiouxjE3XHkyGc=
github.com/prometheus/common v0.0.0-20180518154759-7600349dcfe1/go.mod h1:daVV7qP5qjZbuso7PdcryaAu0sAZbrN9i7WWcTMWvro=
github.com/prometheus/procfs v0.0.0-20180612222113-7d6f385de8be h1:MoyXp/VjXUwM0GyDcdwT7Ubea2gxOSHpPaFo3qV+Y2A=
github.com/prometheus/procfs v0.0.0-20180612222113-7d6f385de8be/go.mod h1:c3At6R/oaqEKCNdg8wHV1ftS6bRYblBhIjjI8uT2IGk=
github.com/scottdware/go-bigip v0.0.0-20180518145131-fb6f8eaea132 h1:YWv8IVlxcU5O2yn233W1jSjq2DXGqVKAYEQkZl1f95c=
github.com/scottdware/go-bigip v0.0.0-20180518145131-fb6f8eaea132/go.mod h1:OhSseEso3+aG+mRmEQlmF2IVrf0f2VrIgoYUo7TOVl4=
github.com/spf13/pflag v0.0.0-20171106142849-4c012f6dcd95 h1:fBkxrj/ArtKnC3J1DOZhn3SYiVkVRFZC574bq2Ifa/0=
github.com/spf13/pflag v0.0.0-20171106142849-4c012f6dcd95/go.mod h1:DYY7MBk1bdzusC3SYhjObp+wFpr4gzcvqqNjLnInEg4=
golang.org/x/crypto v0.0.0-20170825220121-81e90905daef h1:R8ubLIilYRXIXpgjOg2l/ECVs3HzVKIjJEhxSsQ91u4=
golang.org/x/crypto v0.0.0-20170825220121-81e90905daef/go.mod h1:6SG95UA2DQfeDnfUPMdvaQW0Q7yPrPDi9nlGo2tz2b4=
golang.org/x/net v0.0.0-20170809000501-1c05540f6879 h1:0rFa7EaCGdQPmZVbo9F7MNF65b8dyzS6EUnXjs9Cllk=
golang.org/x/net v0.0.0-20170809000501-1c05540f6879/go.mod h1:mL1N/T3taQHkDXs73rZJwtUhF3w3ftmwwsq0BUmARs4=
golang.org/x/sys v0.0.0-20171031081856-95c657629925 h1:nCH33NboKIsT4HoXBsXTWX8ul303HxWgkc5s2Ezwacg=
golang.org/x/sys v0.0.0-20171031081856-95c657629925/go.mod h1:STP8DvDyc/dI5b8T5hshtkjS+E42TnysNCUPdjciGhY=
golang.org/x/text v0.0.0-20170810154203-b19bf474d317 h1:WKW+OPdYPlvOTVGHuMfjnIC6yY2SI93yFB0pZ7giBmQ=
golang.org/x/text v0.0.0-20170810154203-b19bf474d317/go.mod h1:NqM8EUOU14njkJ3fqMW+pc6Ldnwhi/IjpwHt7yyuwOQ=
golang.org/x/time v0.0.0-20161028155119-f51c12702a4d h1:TnM+PKb3ylGmZvyPXmo9m/wktg7Jn/a/fNmr33HSj8g=
golang.org/x/time v0.0.0-20161028155119-f51c12702a4d/go.mod h1:tRJNPiyCQ0inRvYxbN9jk5I+vvW/OXSQhTDSoE431IQ=
gopkg.in/inf.v0 v0.9.0 h1:3zYtXIO92bvsdS3ggAdA8Gb4Azj0YU+TVY1uGYNFA8o=
gopkg.in/inf.v0 v0.9.0/go.mod h1:cWUDdTG/fYaXco+Dcufb5Vnc6Gp2YChqWtbxRZE0mXw=
gopkg.in/yaml.v2 v2.0.0-20170721113624-670d4cfef054 h1:ROF+R/wHHruzF40n5DfPv2jwm7rCJwvs8fz+RTZWjLE=
gopkg.in/yaml.v2 v2.0.0-20170721113624-670d4cfef054/go.mod h1:JAlM8MvJe8wmxCU4Bli9HhUf9+ttbYbLASfIpnQbh74=
k8s.io/api v0.0.0-20180308224125-73d903622b73 h1:5Z+PFfTIOXwKmOhQtZ0WBykbpGBBOuvbDx2YNAqIoYc=
k8s.io/api v0.0.0-20180308224125-73d903622b73/go.mod h1:iuAfoD4hCxJ8Onx9kaTIt30j7jUFS00AXQi6QMi99vA=
k8s.io/apimachinery v0.0.0-20180228050457-302974c03f7e h1:CsgbEA8905OlpVLNKWD4GacPex50kFbqhotVNPew+dU=
k8s.io/apimachinery v0.0.0-20180228050457-302974c03f7e/go.mod h1:ccL7Eh7zubPUSh9A3USN90/OzHNSVN6zxzde07TDCL0=
k8s.io/client-go v7.0.0+incompatible h1:kiH+Y6hn+pc78QS/mtBfMJAMIIaWevHi++JvOGEEQp4=
k8s.io/client-go v7.0.0+incompatible/go.mod h1:7vJpHMYJwNQCWgzmNV+VYUl1zCObLyodBc8nIyt8L5s=
k8s.io/kube-openapi v0.0.0-20180216212618-50ae88d24ede h1:YOWlONzJUq456SnNYPcK/org5asA+LU6AzNBm+l/04o=
k8s.io/kube-openapi v0.0.0-20180216212618-50ae88d24ede/go.mod h1:BXM9ceUBTj2QnfH2MK1odQs778ajze1RxcmP6S8RVVc=
